
Microsoft Visual Studio Solution File, Format Version 12.00
# Visual Studio Version 16
VisualStudioVersion = 16.0.30114.105
MinimumVisualStudioVersion = 10.0.40219.1
Project("{FAE04EC0-301F-11D3-BF4B-00C04F79EFBC}") = "ColombiaDataManagement", "ColombiaDataManagement\ColombiaDataManagement.csproj", "{BC860FF2-0551-44DB-9836-113BD0767915}"
EndProject
Global
	GlobalSection(SolutionConfigurationPlatforms) = preSolution
		Debug|Any CPU = Debug|Any CPU
		Release|Any CPU = Release|Any CPU
	EndGlobalSection
	GlobalSection(ProjectConfigurationPlatforms) = postSolution
		{BC860FF2-0551-44DB-9836-113BD0767915}.Debug|Any CPU.ActiveCfg = Debug|Any CPU
		{BC860FF2-0551-44DB-9836-113BD0767915}.Debug|Any CPU.Build.0 = Debug|Any CPU
		{BC860FF2-0551-44DB-9836-113BD0767915}.Release|Any CPU.ActiveCfg = Release|Any CPU
		{BC860FF2-0551-44DB-9836-113BD0767915}.Release|Any CPU.Build.0 = Release|Any CPU
	EndGlobalSection
	GlobalSection(SolutionProperties) = preSolution
		HideSolutionNode = FALSE
	EndGlobalSection
	GlobalSection(ExtensibilityGlobals) = postSolution
		SolutionGuid = {45A75F87-ED4C-4521-93CE-02AAC316EEA4}
	EndGlobalSection
EndGlobal
